
Microsoft Visual Studio Solution File, Format Version 12.00
# Visual Studio 2013
VisualStudioVersion = 12.0.31101.0
MinimumVisualStudioVersion = 10.0.40219.1
Project("{FAE04EC0-301F-11D3-BF4B-00C04F79EFBC}") = "AspNETMVCTest", "AspNETMVCTest\AspNETMVCTest.csproj", "{D41FD0D9-4CAA-42C2-BABD-FB0FCB984504}"
EndProject
Project("{FAE04EC0-301F-11D3-BF4B-00C04F79EFBC}") = "AspNETMVCTest.UnitTests", "AspNETMVCTest.Tests\AspNETMVCTest.UnitTests.csproj", "{87D6766E-F07D-42B9-B09F-6E4E3FBA4203}"
EndProject
Global
	GlobalSection(SolutionConfigurationPlatforms) = preSolution
		Debug|Any CPU = Debug|Any CPU
		Release|Any CPU = Release|Any CPU
	EndGlobalSection
	GlobalSection(ProjectConfigurationPlatforms) = postSolution
		{D41FD0D9-4CAA-42C2-BABD-FB0FCB984504}.Debug|Any CPU.ActiveCfg = Debug|Any CPU
		{D41FD0D9-4CAA-42C2-BABD-FB0FCB984504}.Debug|Any CPU.Build.0 = Debug|Any CPU
		{D41FD0D9-4CAA-42C2-BABD-FB0FCB984504}.Release|Any CPU.ActiveCfg = Release|Any CPU
		{D41FD0D9-4CAA-42C2-BABD-FB0FCB984504}.Release|Any CPU.Build.0 = Release|Any CPU
		{87D6766E-F07D-42B9-B09F-6E4E3FBA4203}.Debug|Any CPU.ActiveCfg = Debug|Any CPU
		{87D6766E-F07D-42B9-B09F-6E4E3FBA4203}.Debug|Any CPU.Build.0 = Debug|Any CPU
		{87D6766E-F07D-42B9-B09F-6E4E3FBA4203}.Release|Any CPU.ActiveCfg = Release|Any CPU
		{87D6766E-F07D-42B9-B09F-6E4E3FBA4203}.Release|Any CPU.Build.0 = Release|Any CPU
	EndGlobalSection
	GlobalSection(SolutionProperties) = preSolution
		HideSolutionNode = FALSE
	EndGlobalSection
EndGlobal
